// !$*UTF8*$!
{
	archiveVersion = 1;
	classes = {
	};
	objectVersion = 46;
	objects = {

/* Begin PBXBuildFile section */
		B30543F4EFD5249D1127E5E6 /* libPods.a in Frameworks */ = {isa = PBXBuildFile; fileRef = F308B289CBCDEC9EC5230132 /* libPods.a */; };
		C45129661C5F688C00094822 /* main.m in Sources */ = {isa = PBXBuildFile; fileRef = C45129651C5F688C00094822 /* main.m */; };
		C45129691C5F688C00094822 /* AppDelegate.m in Sources */ = {isa = PBXBuildFile; fileRef = C45129681C5F688C00094822 /* AppDelegate.m */; };
		C451296C1C5F688C00094822 /* ViewController.m in Sources */ = {isa = PBXBuildFile; fileRef = C451296B1C5F688C00094822 /* ViewController.m */; };
		C451296F1C5F688C00094822 /* Main.storyboard in Resources */ = {isa = PBXBuildFile; fileRef = C451296D1C5F688C00094822 /* Main.storyboard */; };
		C45129721C5F688C00094822 /* Weather_App.xcdatamodeld in Sources */ = {isa = PBXBuildFile; fileRef = C45129701C5F688C00094822 /* Weather_App.xcdatamodeld */; };
		C45129741C5F688C00094822 /* Assets.xcassets in Resources */ = {isa = PBXBuildFile; fileRef = C45129731C5F688C00094822 /* Assets.xcassets */; };
		C45129771C5F688C00094822 /* LaunchScreen.storyboard in Resources */ = {isa = PBXBuildFile; fileRef = C45129751C5F688C00094822 /* LaunchScreen.storyboard */; };
		C45129821C5F688C00094822 /* Weather_AppTests.m in Sources */ = {isa = PBXBuildFile; fileRef = C45129811C5F688C00094822 /* Weather_AppTests.m */; };
		C451298D1C5F688C00094822 /* Weather_AppUITests.m in Sources */ = {isa = PBXBuildFile; fileRef = C451298C1C5F688C00094822 /* Weather_AppUITests.m */; };
		C451299B1C5F68C700094822 /* CoreLocation.framework in Frameworks */ = {isa = PBXBuildFile; fileRef = C451299A1C5F68C700094822 /* CoreLocation.framework */; };
		C451299D1C5F68DA00094822 /* Social.framework in Frameworks */ = {isa = PBXBuildFile; fileRef = C451299C1C5F68DA00094822 /* Social.framework */; };
		C451299F1C5F68EC00094822 /* NotificationCenter.framework in Frameworks */ = {isa = PBXBuildFile; fileRef = C451299E1C5F68EC00094822 /* NotificationCenter.framework */; };
		C4DCBB131C608D2F00CAFE5A /* CoreGraphics.framework in Frameworks */ = {isa = PBXBuildFile; fileRef = C4DCBB121C608D2F00CAFE5A /* CoreGraphics.framework */; };
		C4DCBB151C608D4400CAFE5A /* Foundation.framework in Frameworks */ = {isa = PBXBuildFile; fileRef = C4DCBB141C608D4400CAFE5A /* Foundation.framework */; };
		C4DCBB171C608D5700CAFE5A /* UIKit.framework in Frameworks */ = {isa = PBXBuildFile; fileRef = C4DCBB161C608D5700CAFE5A /* UIKit.framework */; };
		C4DCBB191C608D8300CAFE5A /* MobileCoreServices.framework in Frameworks */ = {isa = PBXBuildFile; fileRef = C4DCBB181C608D8300CAFE5A /* MobileCoreServices.framework */; };
		C4DCEC051C6B664F00FEA3FC /* ForecastViewController.m in Sources */ = {isa = PBXBuildFile; fileRef = C4DCEC041C6B664F00FEA3FC /* ForecastViewController.m */; };
		C4E608EA1C64A1B7000648E5 /* FavouritesTableViewController.m in Sources */ = {isa = PBXBuildFile; fileRef = C4E608E91C64A1B7000648E5 /* FavouritesTableViewController.m */; };
/* End PBXBuildFile section */

/* Begin PBXContainerItemProxy section */
		C451297E1C5F688C00094822 /* PBXContainerItemProxy */ = {
			isa = PBXContainerItemProxy;
			containerPortal = C45129591C5F688B00094822 /* Project object */;
			proxyType = 1;
			remoteGlobalIDString = C45129601C5F688C00094822;
			remoteInfo = "Weather App";
		};
		C45129891C5F688C00094822 /* PBXContainerItemProxy */ = {
			isa = PBXContainerItemProxy;
			containerPortal = C45129591C5F688B00094822 /* Project object */;
			proxyType = 1;
			remoteGlobalIDString = C45129601C5F688C00094822;
			remoteInfo = "Weather App";
		};
/* End PBXContainerItemProxy section */

/* Begin PBXFileReference section */
		1AA31BAE4F5EB899AE7BE0E3 /* Pods.debug.xcconfig */ = {isa = PBXFileReference; includeInIndex = 1; lastKnownFileType = text.xcconfig; name = Pods.debug.xcconfig; path = "Pods/Target Support Files/Pods/Pods.debug.xcconfig"; sourceTree = "<group>"; };
		34A8D40A38AA2B6C563F777D /* Pods.release.xcconfig */ = {isa = PBXFileReference; includeInIndex = 1; lastKnownFileType = text.xcconfig; name = Pods.release.xcconfig; path = "Pods/Target Support Files/Pods/Pods.release.xcconfig"; sourceTree = "<group>"; };
		C45129611C5F688C00094822 /* Weather App.app */ = {isa = PBXFileReference; explicitFileType = wrapper.application; includeInIndex = 0; path = "Weather App.app"; sourceTree = BUILT_PRODUCTS_DIR; };
		C45129651C5F688C00094822 /* main.m */ = {isa = PBXFileReference; lastKnownFileType = sourcecode.c.objc; path = main.m; sourceTree = "<group>"; };
		C45129671C5F688C00094822 /* AppDelegate.h */ = {isa = PBXFileReference; lastKnownFileType = sourcecode.c.h; path = AppDelegate.h; sourceTree = "<group>"; };
		C45129681C5F688C00094822 /* AppDelegate.m */ = {isa = PBXFileReference; lastKnownFileType = sourcecode.c.objc; path = AppDelegate.m; sourceTree = "<group>"; };
		C451296A1C5F688C00094822 /* ViewController.h */ = {isa = PBXFileReference; lastKnownFileType = sourcecode.c.h; path = ViewController.h; sourceTree = "<group>"; };
		C451296B1C5F688C00094822 /* ViewController.m */ = {isa = PBXFileReference; lastKnownFileType = sourcecode.c.objc; path = ViewController.m; sourceTree = "<group>"; };
		C451296E1C5F688C00094822 /* Base */ = {isa = PBXFileReference; lastKnownFileType = file.storyboard; name = Base; path = Base.lproj/Main.storyboard; sourceTree = "<group>"; };
		C45129711C5F688C00094822 /* Weather_App.xcdatamodel */ = {isa = PBXFileReference; lastKnownFileType = wrapper.xcdatamodel; path = Weather_App.xcdatamodel; sourceTree = "<group>"; };
		C45129731C5F688C00094822 /* Assets.xcassets */ = {isa = PBXFileReference; lastKnownFileType = folder.assetcatalog; path = Assets.xcassets; sourceTree = "<group>"; };
		C45129761C5F688C00094822 /* Base */ = {isa = PBXFileReference; lastKnownFileType = file.storyboard; name = Base; path = Base.lproj/LaunchScreen.storyboard; sourceTree = "<group>"; };
		C45129781C5F688C00094822 /* Info.plist */ = {isa = PBXFileReference; lastKnownFileType = text.plist.xml; path = Info.plist; sourceTree = "<group>"; };
		C451297D1C5F688C00094822 /* Weather AppTests.xctest */ = {isa = PBXFileReference; explicitFileType = wrapper.cfbundle; includeInIndex = 0; path = "Weather AppTests.xctest"; sourceTree = BUILT_PRODUCTS_DIR; };
		C45129811C5F688C00094822 /* Weather_AppTests.m */ = {isa = PBXFileReference; lastKnownFileType = sourcecode.c.objc; path = Weather_AppTests.m; sourceTree = "<group>"; };
		C45129831C5F688C00094822 /* Info.plist */ = {isa = PBXFileReference; lastKnownFileType = text.plist.xml; path = Info.plist; sourceTree = "<group>"; };
		C45129881C5F688C00094822 /* Weather AppUITests.xctest */ = {isa = PBXFileReference; explicitFileType = wrapper.cfbundle; includeInIndex = 0; path = "Weather AppUITests.xctest"; sourceTree = BUILT_PRODUCTS_DIR; };
		C451298C1C5F688C00094822 /* Weather_AppUITests.m */ = {isa = PBXFileReference; lastKnownFileType = sourcecode.c.objc; path = Weather_AppUITests.m; sourceTree = "<group>"; };
		C451298E1C5F688C00094822 /* Info.plist */ = {isa = PBXFileReference; lastKnownFileType = text.plist.xml; path = Info.plist; sourceTree = "<group>"; };
		C451299A1C5F68C700094822 /* CoreLocation.framework */ = {isa = PBXFileReference; lastKnownFileType = wrapper.framework; name = CoreLocation.framework; path = System/Library/Frameworks/CoreLocation.framework; sourceTree = SDKROOT; };
		C451299C1C5F68DA00094822 /* Social.framework */ = {isa = PBXFileReference; lastKnownFileType = wrapper.framework; name = Social.framework; path = System/Library/Frameworks/Social.framework; sourceTree = SDKROOT; };
		C451299E1C5F68EC00094822 /* NotificationCenter.framework */ = {isa = PBXFileReference; lastKnownFileType = wrapper.framework; name = NotificationCenter.framework; path = System/Library/Frameworks/NotificationCenter.framework; sourceTree = SDKROOT; };
		C4DCBB121C608D2F00CAFE5A /* CoreGraphics.framework */ = {isa = PBXFileReference; lastKnownFileType = wrapper.framework; name = CoreGraphics.framework; path = System/Library/Frameworks/CoreGraphics.framework; sourceTree = SDKROOT; };
		C4DCBB141C608D4400CAFE5A /* Foundation.framework */ = {isa = PBXFileReference; lastKnownFileType = wrapper.framework; name = Foundation.framework; path = System/Library/Frameworks/Foundation.framework; sourceTree = SDKROOT; };
		C4DCBB161C608D5700CAFE5A /* UIKit.framework */ = {isa = PBXFileReference; lastKnownFileType = wrapper.framework; name = UIKit.framework; path = System/Library/Frameworks/UIKit.framework; sourceTree = SDKROOT; };
		C4DCBB181C608D8300CAFE5A /* MobileCoreServices.framework */ = {isa = PBXFileReference; lastKnownFileType = wrapper.framework; name = MobileCoreServices.framework; path = System/Library/Frameworks/MobileCoreServices.framework; sourceTree = SDKROOT; };
		C4DCEC031C6B664F00FEA3FC /* ForecastViewController.h */ = {isa = PBXFileReference; fileEncoding = 4; lastKnownFileType = sourcecode.c.h; path = ForecastViewController.h; sourceTree = "<group>"; };
		C4DCEC041C6B664F00FEA3FC /* ForecastViewController.m */ = {isa = PBXFileReference; fileEncoding = 4; lastKnownFileType = sourcecode.c.objc; path = ForecastViewController.m; sourceTree = "<group>"; };
		C4E608E81C64A1B7000648E5 /* FavouritesTableViewController.h */ = {isa = PBXFileReference; fileEncoding = 4; lastKnownFileType = sourcecode.c.h; path = FavouritesTableViewController.h; sourceTree = "<group>"; };
		C4E608E91C64A1B7000648E5 /* FavouritesTableViewController.m */ = {isa = PBXFileReference; fileEncoding = 4; lastKnownFileType = sourcecode.c.objc; path = FavouritesTableViewController.m; sourceTree = "<group>"; };
		F308B289CBCDEC9EC5230132 /* libPods.a */ = {isa = PBXFileReference; explicitFileType = archive.ar; includeInIndex = 0; path = libPods.a; sourceTree = BUILT_PRODUCTS_DIR; };
/* End PBXFileReference section */

/* Begin PBXFrameworksBuildPhase section */
		C451295E1C5F688C00094822 /* Frameworks */ = {
			isa = PBXFrameworksBuildPhase;
			buildActionMask = 2147483647;
			files = (
				C4DCBB131C608D2F00CAFE5A /* CoreGraphics.framework in Frameworks */,
				C451299B1C5F68C700094822 /* CoreLocation.framework in Frameworks */,
				C4DCBB151C608D4400CAFE5A /* Foundation.framework in Frameworks */,
				C4DCBB171C608D5700CAFE5A /* UIKit.framework in Frameworks */,
				C4DCBB191C608D8300CAFE5A /* MobileCoreServices.framework in Frameworks */,
				C451299F1C5F68EC00094822 /* NotificationCenter.framework in Frameworks */,
				C451299D1C5F68DA00094822 /* Social.framework in Frameworks */,
				B30543F4EFD5249D1127E5E6 /* libPods.a in Frameworks */,
			);
			runOnlyForDeploymentPostprocessing = 0;
		};
		C451297A1C5F688C00094822 /* Frameworks */ = {
			isa = PBXFrameworksBuildPhase;
			buildActionMask = 2147483647;
			files = (
			);
			runOnlyForDeploymentPostprocessing = 0;
		};
		C45129851C5F688C00094822 /* Frameworks */ = {
			isa = PBXFrameworksBuildPhase;
			buildActionMask = 2147483647;
			files = (
			);
			runOnlyForDeploymentPostprocessing = 0;
		};
/* End PBXFrameworksBuildPhase section */

/* Begin PBXGroup section */
		0E86D1784A664EFFA4D2BA64 /* Pods */ = {
			isa = PBXGroup;
			children = (
				1AA31BAE4F5EB899AE7BE0E3 /* Pods.debug.xcconfig */,
				34A8D40A38AA2B6C563F777D /* Pods.release.xcconfig */,
			);
			name = Pods;
			sourceTree = "<group>";
		};
		C3EA60F62908B626F87243AC /* Frameworks */ = {
			isa = PBXGroup;
			children = (
				F308B289CBCDEC9EC5230132 /* libPods.a */,
			);
			name = Frameworks;
			sourceTree = "<group>";
		};
		C45129581C5F688B00094822 = {
			isa = PBXGroup;
			children = (
				C45129631C5F688C00094822 /* Weather App */,
				C45129801C5F688C00094822 /* Weather AppTests */,
				C451298B1C5F688C00094822 /* Weather AppUITests */,
				C45129621C5F688C00094822 /* Products */,
				0E86D1784A664EFFA4D2BA64 /* Pods */,
				C3EA60F62908B626F87243AC /* Frameworks */,
			);
			sourceTree = "<group>";
		};
		C45129621C5F688C00094822 /* Products */ = {
			isa = PBXGroup;
			children = (
				C45129611C5F688C00094822 /* Weather App.app */,
				C451297D1C5F688C00094822 /* Weather AppTests.xctest */,
				C45129881C5F688C00094822 /* Weather AppUITests.xctest */,
			);
			name = Products;
			sourceTree = "<group>";
		};
		C45129631C5F688C00094822 /* Weather App */ = {
			isa = PBXGroup;
			children = (
				C45129671C5F688C00094822 /* AppDelegate.h */,
				C45129681C5F688C00094822 /* AppDelegate.m */,
				C451296A1C5F688C00094822 /* ViewController.h */,
				C451296B1C5F688C00094822 /* ViewController.m */,
				C4DCEC031C6B664F00FEA3FC /* ForecastViewController.h */,
				C4DCEC041C6B664F00FEA3FC /* ForecastViewController.m */,
				C4E608E81C64A1B7000648E5 /* FavouritesTableViewController.h */,
				C4E608E91C64A1B7000648E5 /* FavouritesTableViewController.m */,
				C451296D1C5F688C00094822 /* Main.storyboard */,
				C45129731C5F688C00094822 /* Assets.xcassets */,
				C45129751C5F688C00094822 /* LaunchScreen.storyboard */,
				C45129781C5F688C00094822 /* Info.plist */,
				C45129701C5F688C00094822 /* Weather_App.xcdatamodeld */,
				C45129641C5F688C00094822 /* Supporting Files */,
				C45129A01C5F68F900094822 /* Frameworks */,
			);
			path = "Weather App";
			sourceTree = "<group>";
		};
		C45129641C5F688C00094822 /* Supporting Files */ = {
			isa = PBXGroup;
			children = (
				C45129651C5F688C00094822 /* main.m */,
			);
			name = "Supporting Files";
			sourceTree = "<group>";
		};
		C45129801C5F688C00094822 /* Weather AppTests */ = {
			isa = PBXGroup;
			children = (
				C45129811C5F688C00094822 /* Weather_AppTests.m */,
				C45129831C5F688C00094822 /* Info.plist */,
			);
			path = "Weather AppTests";
			sourceTree = "<group>";
		};
		C451298B1C5F688C00094822 /* Weather AppUITests */ = {
			isa = PBXGroup;
			children = (
				C451298C1C5F688C00094822 /* Weather_AppUITests.m */,
				C451298E1C5F688C00094822 /* Info.plist */,
			);
			path = "Weather AppUITests";
			sourceTree = "<group>";
		};
		C45129A01C5F68F900094822 /* Frameworks */ = {
			isa = PBXGroup;
			children = (
				C4DCBB181C608D8300CAFE5A /* MobileCoreServices.framework */,
				C4DCBB161C608D5700CAFE5A /* UIKit.framework */,
				C4DCBB141C608D4400CAFE5A /* Foundation.framework */,
				C4DCBB121C608D2F00CAFE5A /* CoreGraphics.framework */,
				C451299E1C5F68EC00094822 /* NotificationCenter.framework */,
				C451299C1C5F68DA00094822 /* Social.framework */,
				C451299A1C5F68C700094822 /* CoreLocation.framework */,
			);
			name = Frameworks;
			path = ..;
			sourceTree = "<group>";
		};
/* End PBXGroup section */

/* Begin PBXNativeTarget section */
		C45129601C5F688C00094822 /* Weather App */ = {
			isa = PBXNativeTarget;
			buildConfigurationList = C45129911C5F688C00094822 /* Build configuration list for PBXNativeTarget "Weather App" */;
			buildPhases = (
				1A945505AB0B12A801D72D45 /* Check Pods Manifest.lock */,
				C451295D1C5F688C00094822 /* Sources */,
				C451295E1C5F688C00094822 /* Frameworks */,
				C451295F1C5F688C00094822 /* Resources */,
				81B3886EBE18AC16379A491F /* Embed Pods Frameworks */,
				D2765014BB738A80B633F81C /* Copy Pods Resources */,
			);
			buildRules = (
			);
			dependencies = (
			);
			name = "Weather App";
			productName = "Weather App";
			productReference = C45129611C5F688C00094822 /* Weather App.app */;
			productType = "com.apple.product-type.application";
		};
		C451297C1C5F688C00094822 /* Weather AppTests */ = {
			isa = PBXNativeTarget;
			buildConfigurationList = C45129941C5F688C00094822 /* Build configuration list for PBXNativeTarget "Weather AppTests" */;
			buildPhases = (
				C45129791C5F688C00094822 /* Sources */,
				C451297A1C5F688C00094822 /* Frameworks */,
				C451297B1C5F688C00094822 /* Resources */,
			);
			buildRules = (
			);
			dependencies = (
				C451297F1C5F688C00094822 /* PBXTargetDependency */,
			);
			name = "Weather AppTests";
			productName = "Weather AppTests";
			productReference = C451297D1C5F688C00094822 /* Weather AppTests.xctest */;
			productType = "com.apple.product-type.bundle.unit-test";
		};
		C45129871C5F688C00094822 /* Weather AppUITests */ = {
			isa = PBXNativeTarget;
			buildConfigurationList = C45129971C5F688C00094822 /* Build configuration list for PBXNativeTarget "Weather AppUITests" */;
			buildPhases = (
				C45129841C5F688C00094822 /* Sources */,
				C45129851C5F688C00094822 /* Frameworks */,
				C45129861C5F688C00094822 /* Resources */,
			);
			buildRules = (
			);
			dependencies = (
				C451298A1C5F688C00094822 /* PBXTargetDependency */,
			);
			name = "Weather AppUITests";
			productName = "Weather AppUITests";
			productReference = C45129881C5F688C00094822 /* Weather AppUITests.xctest */;
			productType = "com.apple.product-type.bundle.ui-testing";
		};
/* End PBXNativeTarget section */

/* Begin PBXProject section */
		C45129591C5F688B00094822 /* Project object */ = {
			isa = PBXProject;
			attributes = {
				LastUpgradeCheck = 0720;
				ORGANIZATIONNAME = "Mac-Mini-2";
				TargetAttributes = {
					C45129601C5F688C00094822 = {
						CreatedOnToolsVersion = 7.2;
						DevelopmentTeam = HHN74N64DR;
					};
					C451297C1C5F688C00094822 = {
						CreatedOnToolsVersion = 7.2;
						TestTargetID = C45129601C5F688C00094822;
					};
					C45129871C5F688C00094822 = {
						CreatedOnToolsVersion = 7.2;
						TestTargetID = C45129601C5F688C00094822;
					};
				};
			};
			buildConfigurationList = C451295C1C5F688B00094822 /* Build configuration list for PBXProject "Weather App" */;
			compatibilityVersion = "Xcode 3.2";
			developmentRegion = English;
			hasScannedForEncodings = 0;
			knownRegions = (
				en,
				Base,
			);
			mainGroup = C45129581C5F688B00094822;
			productRefGroup = C45129621C5F688C00094822 /* Products */;
			projectDirPath = "";
			projectRoot = "";
			targets = (
				C45129601C5F688C00094822 /* Weather App */,
				C451297C1C5F688C00094822 /* Weather AppTests */,
				C45129871C5F688C00094822 /* Weather AppUITests */,
			);
		};
/* End PBXProject section */

/* Begin PBXResourcesBuildPhase section */
		C451295F1C5F688C00094822 /* Resources */ = {
			isa = PBXResourcesBuildPhase;
			buildActionMask = 2147483647;
			files = (
				C45129771C5F688C00094822 /* LaunchScreen.storyboard in Resources */,
				C45129741C5F688C00094822 /* Assets.xcassets in Resources */,
				C451296F1C5F688C00094822 /* Main.storyboard in Resources */,
			);
			runOnlyForDeploymentPostprocessing = 0;
		};
		C451297B1C5F688C00094822 /* Resources */ = {
			isa = PBXResourcesBuildPhase;
			buildActionMask = 2147483647;
			files = (
			);
			runOnlyForDeploymentPostprocessing = 0;
		};
		C45129861C5F688C00094822 /* Resources */ = {
			isa = PBXResourcesBuildPhase;
			buildActionMask = 2147483647;
			files = (
			);
			runOnlyForDeploymentPostprocessing = 0;
		};
/* End PBXResourcesBuildPhase section */

/* Begin PBXShellScriptBuildPhase section */
		1A945505AB0B12A801D72D45 /* Check Pods Manifest.lock */ = {
			isa = PBXShellScriptBuildPhase;
			buildActionMask = 2147483647;
			files = (
			);
			inputPaths = (
			);
			name = "Check Pods Manifest.lock";
			outputPaths = (
			);
			runOnlyForDeploymentPostprocessing = 0;
			shellPath = /bin/sh;
			shellScript = "diff \"${PODS_ROOT}/../Podfile.lock\" \"${PODS_ROOT}/Manifest.lock\" > /dev/null\nif [[ $? != 0 ]] ; then\n    cat << EOM\nerror: The sandbox is not in sync with the Podfile.lock. Run 'pod install' or update your CocoaPods installation.\nEOM\n    exit 1\nfi\n";
			showEnvVarsInLog = 0;
		};
		81B3886EBE18AC16379A491F /* Embed Pods Frameworks */ = {
			isa = PBXShellScriptBuildPhase;
			buildActionMask = 2147483647;
			files = (
			);
			inputPaths = (
			);
			name = "Embed Pods Frameworks";
			outputPaths = (
			);
			runOnlyForDeploymentPostprocessing = 0;
			shellPath = /bin/sh;
			shellScript = "\"${SRCROOT}/Pods/Target Support Files/Pods/Pods-frameworks.sh\"\n";
			showEnvVarsInLog = 0;
		};
		D2765014BB738A80B633F81C /* Copy Pods Resources */ = {
			isa = PBXShellScriptBuildPhase;
			buildActionMask = 2147483647;
			files = (
			);
			inputPaths = (
			);
			name = "Copy Pods Resources";
			outputPaths = (
			);
			runOnlyForDeploymentPostprocessing = 0;
			shellPath = /bin/sh;
			shellScript = "\"${SRCROOT}/Pods/Target Support Files/Pods/Pods-resources.sh\"\n";
			showEnvVarsInLog = 0;
		};
/* End PBXShellScriptBuildPhase section */

/* Begin PBXSourcesBuildPhase section */
		C451295D1C5F688C00094822 /* Sources */ = {
			isa = PBXSourcesBuildPhase;
			buildActionMask = 2147483647;
			files = (
				C45129721C5F688C00094822 /* Weather_App.xcdatamodeld in Sources */,
				C4DCEC051C6B664F00FEA3FC /* ForecastViewController.m in Sources */,
				C451296C1C5F688C00094822 /* ViewController.m in Sources */,
				C45129691C5F688C00094822 /* AppDelegate.m in Sources */,
				C4E608EA1C64A1B7000648E5 /* FavouritesTableViewController.m in Sources */,
				C45129661C5F688C00094822 /* main.m in Sources */,
			);
			runOnlyForDeploymentPostprocessing = 0;
		};
		C45129791C5F688C00094822 /* Sources */ = {
			isa = PBXSourcesBuildPhase;
			buildActionMask = 2147483647;
			files = (
				C45129821C5F688C00094822 /* Weather_AppTests.m in Sources */,
			);
			runOnlyForDeploymentPostprocessing = 0;
		};
		C45129841C5F688C00094822 /* Sources */ = {
			isa = PBXSourcesBuildPhase;
			buildActionMask = 2147483647;
			files = (
				C451298D1C5F688C00094822 /* Weather_AppUITests.m in Sources */,
			);
			runOnlyForDeploymentPostprocessing = 0;
		};
/* End PBXSourcesBuildPhase section */

/* Begin PBXTargetDependency section */
		C451297F1C5F688C00094822 /* PBXTargetDependency */ = {
			isa = PBXTargetDependency;
			target = C45129601C5F688C00094822 /* Weather App */;
			targetProxy = C451297E1C5F688C00094822 /* PBXContainerItemProxy */;
		};
		C451298A1C5F688C00094822 /* PBXTargetDependency */ = {
			isa = PBXTargetDependency;
			target = C45129601C5F688C00094822 /* Weather App */;
			targetProxy = C45129891C5F688C00094822 /* PBXContainerItemProxy */;
		};
/* End PBXTargetDependency section */

/* Begin PBXVariantGroup section */
		C451296D1C5F688C00094822 /* Main.storyboard */ = {
			isa = PBXVariantGroup;
			children = (
				C451296E1C5F688C00094822 /* Base */,
			);
			name = Main.storyboard;
			sourceTree = "<group>";
		};
		C45129751C5F688C00094822 /* LaunchScreen.storyboard */ = {
			isa = PBXVariantGroup;
			children = (
				C45129761C5F688C00094822 /* Base */,
			);
			name = LaunchScreen.storyboard;
			sourceTree = "<group>";
		};
/* End PBXVariantGroup section */

/* Begin XCBuildConfiguration section */
		C451298F1C5F688C00094822 /* Debug */ = {
			isa = XCBuildConfiguration;
			buildSettings = {
				ALWAYS_SEARCH_USER_PATHS = NO;
				CLANG_CXX_LANGUAGE_STANDARD = "gnu++0x";
				CLANG_CXX_LIBRARY = "libc++";
				CLANG_ENABLE_MODULES = YES;
				CLANG_ENABLE_OBJC_ARC = YES;
				CLANG_WARN_BOOL_CONVERSION = YES;
				CLANG_WARN_CONSTANT_CONVERSION = YES;
				CLANG_WARN_DIRECT_OBJC_ISA_USAGE = YES_ERROR;
				CLANG_WARN_EMPTY_BODY = YES;
				CLANG_WARN_ENUM_CONVERSION = YES;
				CLANG_WARN_INT_CONVERSION = YES;
				CLANG_WARN_OBJC_ROOT_CLASS = YES_ERROR;
				CLANG_WARN_UNREACHABLE_CODE = YES;
				CLANG_WARN__DUPLICATE_METHOD_MATCH = YES;
				"CODE_SIGN_IDENTITY[sdk=iphoneos*]" = "iPhone Developer";
				COPY_PHASE_STRIP = NO;
				DEBUG_INFORMATION_FORMAT = dwarf;
				ENABLE_STRICT_OBJC_MSGSEND = YES;
				ENABLE_TESTABILITY = YES;
				GCC_C_LANGUAGE_STANDARD = gnu99;
				GCC_DYNAMIC_NO_PIC = NO;
				GCC_NO_COMMON_BLOCKS = YES;
				GCC_OPTIMIZATION_LEVEL = 0;
				GCC_PREPROCESSOR_DEFINITIONS = (
					"DEBUG=1",
					"$(inherited)",
				);
				GCC_WARN_64_TO_32_BIT_CONVERSION = YES;
				GCC_WARN_ABOUT_RETURN_TYPE = YES_ERROR;
				GCC_WARN_UNDECLARED_SELECTOR = YES;
				GCC_WARN_UNINITIALIZED_AUTOS = YES_AGGRESSIVE;
				GCC_WARN_UNUSED_FUNCTION = YES;
				GCC_WARN_UNUSED_VARIABLE = YES;
				IPHONEOS_DEPLOYMENT_TARGET = 9.2;
				MTL_ENABLE_DEBUG_INFO = YES;
				ONLY_ACTIVE_ARCH = YES;
				SDKROOT = iphoneos;
				TARGETED_DEVICE_FAMILY = "1,2";
			};
			name = Debug;
		};
		C45129901C5F688C00094822 /* Release */ = {
			isa = XCBuildConfiguration;
			buildSettings = {
				ALWAYS_SEARCH_USER_PATHS = NO;
				CLANG_CXX_LANGUAGE_STANDARD = "gnu++0x";
				CLANG_CXX_LIBRARY = "libc++";
				CLANG_ENABLE_MODULES = YES;
				CLANG_ENABLE_OBJC_ARC = YES;
				CLANG_WARN_BOOL_CONVERSION = YES;
				CLANG_WARN_CONSTANT_CONVERSION = YES;
				CLANG_WARN_DIRECT_OBJC_ISA_USAGE = YES_ERROR;
				CLANG_WARN_EMPTY_BODY = YES;
				CLANG_WARN_ENUM_CONVERSION = YES;
				CLANG_WARN_INT_CONVERSION = YES;
				CLANG_WARN_OBJC_ROOT_CLASS = YES_ERROR;
				CLANG_WARN_UNREACHABLE_CODE = YES;
				CLANG_WARN__DUPLICATE_METHOD_MATCH = YES;
				"CODE_SIGN_IDENTITY[sdk=iphoneos*]" = "iPhone Developer";
				COPY_PHASE_STRIP = NO;
				DEBUG_INFORMATION_FORMAT = "dwarf-with-dsym";
				ENABLE_NS_ASSERTIONS = NO;
				ENABLE_STRICT_OBJC_MSGSEND = YES;
				GCC_C_LANGUAGE_STANDARD = gnu99;
				GCC_NO_COMMON_BLOCKS = YES;
				GCC_WARN_64_TO_32_BIT_CONVERSION = YES;
				GCC_WARN_ABOUT_RETURN_TYPE = YES_ERROR;
				GCC_WARN_UNDECLARED_SELECTOR = YES;
				GCC_WARN_UNINITIALIZED_AUTOS = YES_AGGRESSIVE;
				GCC_WARN_UNUSED_FUNCTION = YES;
				GCC_WARN_UNUSED_VARIABLE = YES;
				IPHONEOS_DEPLOYMENT_TARGET = 9.2;
				MTL_ENABLE_DEBUG_INFO = NO;
				SDKROOT = iphoneos;
				TARGETED_DEVICE_FAMILY = "1,2";
				VALIDATE_PRODUCT = YES;
			};
			name = Release;
		};
		C45129921C5F688C00094822 /* Debug */ = {
			isa = XCBuildConfiguration;
			baseConfigurationReference = 1AA31BAE4F5EB899AE7BE0E3 /* Pods.debug.xcconfig */;
			buildSettings = {
				ASSETCATALOG_COMPILER_APPICON_NAME = AppIcon;
				CODE_SIGN_IDENTITY = "iPhone Developer";
				"CODE_SIGN_IDENTITY[sdk=iphoneos*]" = "iPhone Developer";
				INFOPLIST_FILE = "Weather App/Info.plist";
				IPHONEOS_DEPLOYMENT_TARGET = 8.0;
				LD_RUNPATH_SEARCH_PATHS = "$(inherited) @executable_path/Frameworks";
				PRODUCT_BUNDLE_IDENTIFIER = "SJI.Weather-App";
				PRODUCT_NAME = "$(TARGET_NAME)";
				PROVISIONING_PROFILE = "";
			};
			name = Debug;
		};
		C45129931C5F688C00094822 /* Release */ = {
			isa = XCBuildConfiguration;
			baseConfigurationReference = 34A8D40A38AA2B6C563F777D /* Pods.release.xcconfig */;
			buildSettings = {
				ASSETCATALOG_COMPILER_APPICON_NAME = AppIcon;
				CODE_SIGN_IDENTITY = "iPhone Developer";
				"CODE_SIGN_IDENTITY[sdk=iphoneos*]" = "iPhone Developer";
				INFOPLIST_FILE = "Weather App/Info.plist";
				IPHONEOS_DEPLOYMENT_TARGET = 8.0;
				LD_RUNPATH_SEARCH_PATHS = "$(inherited) @executable_path/Frameworks";
				PRODUCT_BUNDLE_IDENTIFIER = "SJI.Weather-App";
				PRODUCT_NAME = "$(TARGET_NAME)";
				PROVISIONING_PROFILE = "";
			};
			name = Release;
		};
		C45129951C5F688C00094822 /* Debug */ = {
			isa = XCBuildConfiguration;
			buildSettings = {
				BUNDLE_LOADER = "$(TEST_HOST)";
				INFOPLIST_FILE = "Weather AppTests/Info.plist";
				LD_RUNPATH_SEARCH_PATHS = "$(inherited) @executable_path/Frameworks @loader_path/Frameworks";
				PRODUCT_BUNDLE_IDENTIFIER = "SJI.Weather-AppTests";
				PRODUCT_NAME = "$(TARGET_NAME)";
				TEST_HOST = "$(BUILT_PRODUCTS_DIR)/Weather App.app/Weather App";
			};
			name = Debug;
		};
		C45129961C5F688C00094822 /* Release */ = {
			isa = XCBuildConfiguration;
			buildSettings = {
				BUNDLE_LOADER = "$(TEST_HOST)";
				INFOPLIST_FILE = "Weather AppTests/Info.plist";
				LD_RUNPATH_SEARCH_PATHS = "$(inherited) @executable_path/Frameworks @loader_path/Frameworks";
				PRODUCT_BUNDLE_IDENTIFIER = "SJI.Weather-AppTests";
				PRODUCT_NAME = "$(TARGET_NAME)";
				TEST_HOST = "$(BUILT_PRODUCTS_DIR)/Weather App.app/Weather App";
			};
			name = Release;
		};
		C45129981C5F688C00094822 /* Debug */ = {
			isa = XCBuildConfiguration;
			buildSettings = {
				INFOPLIST_FILE = "Weather AppUITests/Info.plist";
				LD_RUNPATH_SEARCH_PATHS = "$(inherited) @executable_path/Frameworks @loader_path/Frameworks";
				PRODUCT_BUNDLE_IDENTIFIER = "SJI.Weather-AppUITests";
				PRODUCT_NAME = "$(TARGET_NAME)";
				TEST_TARGET_NAME = "Weather App";
				USES_XCTRUNNER = YES;
			};
			name = Debug;
		};
		C45129991C5F688C00094822 /* Release */ = {
			isa = XCBuildConfiguration;
			buildSettings = {
				INFOPLIST_FILE = "Weather AppUITests/Info.plist";
				LD_RUNPATH_SEARCH_PATHS = "$(inherited) @executable_path/Frameworks @loader_path/Frameworks";
				PRODUCT_BUNDLE_IDENTIFIER = "SJI.Weather-AppUITests";
				PRODUCT_NAME = "$(TARGET_NAME)";
				TEST_TARGET_NAME = "Weather App";
				USES_XCTRUNNER = YES;
			};
			name = Release;
		};
/* End XCBuildConfiguration section */

/* Begin XCConfigurationList section */
		C451295C1C5F688B00094822 /* Build configuration list for PBXProject "Weather App" */ = {
			isa = XCConfigurationList;
			buildConfigurations = (
				C451298F1C5F688C00094822 /* Debug */,
				C45129901C5F688C00094822 /* Release */,
			);
			defaultConfigurationIsVisible = 0;
			defaultConfigurationName = Release;
		};
		C45129911C5F688C00094822 /* Build configuration list for PBXNativeTarget "Weather App" */ = {
			isa = XCConfigurationList;
			buildConfigurations = (
				C45129921C5F688C00094822 /* Debug */,
				C45129931C5F688C00094822 /* Release */,
			);
			defaultConfigurationIsVisible = 0;
			defaultConfigurationName = Release;
		};
		C45129941C5F688C00094822 /* Build configuration list for PBXNativeTarget "Weather AppTests" */ = {
			isa = XCConfigurationList;
			buildConfigurations = (
				C45129951C5F688C00094822 /* Debug */,
				C45129961C5F688C00094822 /* Release */,
			);
			defaultConfigurationIsVisible = 0;
			defaultConfigurationName = Release;
		};
		C45129971C5F688C00094822 /* Build configuration list for PBXNativeTarget "Weather AppUITests" */ = {
			isa = XCConfigurationList;
			buildConfigurations = (
				C45129981C5F688C00094822 /* Debug */,
				C45129991C5F688C00094822 /* Release */,
			);
			defaultConfigurationIsVisible = 0;
			defaultConfigurationName = Release;
		};
/* End XCConfigurationList section */

/* Begin XCVersionGroup section */
		C45129701C5F688C00094822 /* Weather_App.xcdatamodeld */ = {
			isa = XCVersionGroup;
			children = (
				C45129711C5F688C00094822 /* Weather_App.xcdatamodel */,
			);
			currentVersion = C45129711C5F688C00094822 /* Weather_App.xcdatamodel */;
			path = Weather_App.xcdatamodeld;
			sourceTree = "<group>";
			versionGroupType = wrapper.xcdatamodel;
		};
/* End XCVersionGroup section */
	};
	rootObject = C45129591C5F688B00094822 /* Project object */;
}
